<?xml version="1.0" encoding="utf-8"?>
<Project ToolsVersion="4.0" xmlns="http://schemas.microsoft.com/developer/msbuild/2003">
  <ItemGroup>
    <Filter Include="Source Files">
      <UniqueIdentifier>{4FC737F1-C7A5-4376-A066-2A32D752A2FF}</UniqueIdentifier>
      <Extensions>cpp;c;cc;cxx;def;odl;idl;hpj;bat;asm;asmx</Extensions>
    </Filter>
    <Filter Include="Header Files">
      <UniqueIdentifier>{93995380-89BD-4b04-88EB-625FBE52EBFB}</UniqueIdentifier>
      <Extensions>h;hh;hpp;hxx;hm;inl;inc;ipp;xsd</Extensions>
    </Filter>
    <Filter Include="Resource Files">
      <UniqueIdentifier>{67DA6AB6-F800-4c08-8B7A-83BB121AAD01}</UniqueIdentifier>
      <Extensions>rc;ico;cur;bmp;dlg;rc2;rct;bin;rgs;gif;jpg;jpeg;jpe;resx;tiff;tif;png;wav;mfcribbon-ms</Extensions>
    </Filter>
    <Filter Include="Header Files\enums">
      <UniqueIdentifier>{2a6cabea-bb53-4cf0-b10b-34f154df5d28}</UniqueIdentifier>
    </Filter>
    <Filter Include="Header Files\map">
      <UniqueIdentifier>{2eef1ee5-ec05-4b3f-bf84-82a122615b2c}</UniqueIdentifier>
    </Filter>
    <Filter Include="Header Files\window">
      <UniqueIdentifier>{9abb3955-7fac-43db-849f-f7035a771c52}</UniqueIdentifier>
    </Filter>
    <Filter Include="Header Files\textures">
      <UniqueIdentifier>{cfe940ce-cf60-4f69-a480-9e8c0c798c47}</UniqueIdentifier>
    </Filter>
  </ItemGroup>
  <ItemGroup>
    <ClCompile Include="main.cpp">
      <Filter>Source Files</Filter>
    </ClCompile>
    <ClCompile Include="map.cpp">
      <Filter>Source Files</Filter>
    </ClCompile>
    <ClCompile Include="texture_loader.cpp">
      <Filter>Source Files</Filter>
    </ClCompile>
    <ClCompile Include="texture_base.cpp">
      <Filter>Source Files</Filter>
    </ClCompile>
    <ClCompile Include="size_proportions.cpp">
      <Filter>Source Files</Filter>
    </ClCompile>
    <ClCompile Include="size.h">
      <Filter>Header Files\window</Filter>
    </ClCompile>
    <ClCompile Include="window.cpp">
      <Filter>Source Files</Filter>
    </ClCompile>
  </ItemGroup>
  <ItemGroup>
    <ClInclude Include="draw_object.h">
      <Filter>Header Files</Filter>
    </ClInclude>
    <ClInclude Include="block_material.h">
      <Filter>Header Files\enums</Filter>
    </ClInclude>
    <ClInclude Include="block_type.h">
      <Filter>Header Files\enums</Filter>
    </ClInclude>
    <ClInclude Include="map_fragment.h">
      <Filter>Header Files\map</Filter>
    </ClInclude>
    <ClInclude Include="map.h">
      <Filter>Header Files\map</Filter>
    </ClInclude>
    <ClInclude Include="moveable.h">
      <Filter>Header Files\enums</Filter>
    </ClInclude>
    <ClInclude Include="moves.h">
      <Filter>Header Files\enums</Filter>
    </ClInclude>
    <ClInclude Include="size_proportions.h">
      <Filter>Header Files\window</Filter>
    </ClInclude>
    <ClInclude Include="texture_loader.h">
      <Filter>Header Files\textures</Filter>
    </ClInclude>
    <ClInclude Include="texture_base.h">
      <Filter>Header Files\textures</Filter>
    </ClInclude>
    <ClInclude Include="static_textures.h">
      <Filter>Header Files\textures</Filter>
    </ClInclude>
    <ClInclude Include="moveable_textures.h">
      <Filter>Header Files\textures</Filter>
    </ClInclude>
    <ClInclude Include="window.h">
      <Filter>Header Files\window</Filter>
    </ClInclude>
  </ItemGroup>
</Project>